# This file is generated by running "yarn install" inside your project.
# Manual changes might be lost - proceed with caution!

__metadata:
  version: 8
  cacheKey: 10c0

"@adobe/css-tools@npm:^4.3.2":
  version: 4.3.3
  resolution: "@adobe/css-tools@npm:4.3.3"
  checksum: 10c0/e76e712df713964b87cdf2aca1f0477f19bebd845484d5fcba726d3ec7782366e2f26ec8cb2dcfaf47081a5c891987d8a9f5c3f30d11e1eb3c1848adc27fcb24
  languageName: node
  linkType: hard

"@babel/code-frame@npm:^7.10.4":
  version: 7.23.5
  resolution: "@babel/code-frame@npm:7.23.5"
  dependencies:
    "@babel/highlight": "npm:^7.23.4"
    chalk: "npm:^2.4.2"
  checksum: 10c0/a10e843595ddd9f97faa99917414813c06214f4d9205294013e20c70fbdf4f943760da37dec1d998bf3e6fc20fa2918a47c0e987a7e458663feb7698063ad7c6
  languageName: node
  linkType: hard

"@babel/helper-validator-identifier@npm:^7.22.20":
  version: 7.22.20
  resolution: "@babel/helper-validator-identifier@npm:7.22.20"
  checksum: 10c0/dcad63db345fb110e032de46c3688384b0008a42a4845180ce7cd62b1a9c0507a1bed727c4d1060ed1a03ae57b4d918570259f81724aaac1a5b776056f37504e
  languageName: node
  linkType: hard

"@babel/highlight@npm:^7.23.4":
  version: 7.23.4
  resolution: "@babel/highlight@npm:7.23.4"
  dependencies:
    "@babel/helper-validator-identifier": "npm:^7.22.20"
    chalk: "npm:^2.4.2"
    js-tokens: "npm:^4.0.0"
  checksum: 10c0/fbff9fcb2f5539289c3c097d130e852afd10d89a3a08ac0b5ebebbc055cc84a4bcc3dcfed463d488cde12dd0902ef1858279e31d7349b2e8cee43913744bda33
  languageName: node
  linkType: hard

"@babel/runtime@npm:^7.12.5, @babel/runtime@npm:^7.9.2":
  version: 7.24.0
  resolution: "@babel/runtime@npm:7.24.0"
  dependencies:
    regenerator-runtime: "npm:^0.14.0"
  checksum: 10c0/3495eed727bf4a4f84c35bb51ab53317ae38f4bbc3b1d0a8303751f9dfa0ce6f5fb2afced72b76c3dd0d8bb2ccb84787559a4dee9886291a36b26f02f0f759b4
  languageName: node
  linkType: hard

"@emotion/is-prop-valid@npm:1.2.2":
  version: 1.2.2
  resolution: "@emotion/is-prop-valid@npm:1.2.2"
  dependencies:
    "@emotion/memoize": "npm:^0.8.1"
  checksum: 10c0/bb1530dcb4e0e5a4fabb219279f2d0bc35796baf66f6241f98b0d03db1985c890a8cafbea268e0edefd5eeda143dbd5c09a54b5fba74cee8c69b98b13194af50
  languageName: node
  linkType: hard

"@emotion/memoize@npm:^0.8.1":
  version: 0.8.1
  resolution: "@emotion/memoize@npm:0.8.1"
  checksum: 10c0/dffed372fc3b9fa2ba411e76af22b6bb686fb0cb07694fdfaa6dd2baeb0d5e4968c1a7caa472bfcf06a5997d5e7c7d16b90e993f9a6ffae79a2c3dbdc76dfe78
  languageName: node
  linkType: hard

"@emotion/unitless@npm:0.8.1":
  version: 0.8.1
  resolution: "@emotion/unitless@npm:0.8.1"
  checksum: 10c0/a1ed508628288f40bfe6dd17d431ed899c067a899fa293a13afe3aed1d70fac0412b8a215fafab0b42829360db687fecd763e5f01a64ddc4a4b58ec3112ff548
  languageName: node
  linkType: hard

"@jest/schemas@npm:^29.6.3":
  version: 29.6.3
  resolution: "@jest/schemas@npm:29.6.3"
  dependencies:
    "@sinclair/typebox": "npm:^0.27.8"
  checksum: 10c0/b329e89cd5f20b9278ae1233df74016ebf7b385e0d14b9f4c1ad18d096c4c19d1e687aa113a9c976b16ec07f021ae53dea811fb8c1248a50ac34fbe009fdf6be
  languageName: node
  linkType: hard

"@sinclair/typebox@npm:^0.27.8":
  version: 0.27.8
  resolution: "@sinclair/typebox@npm:0.27.8"
  checksum: 10c0/ef6351ae073c45c2ac89494dbb3e1f87cc60a93ce4cde797b782812b6f97da0d620ae81973f104b43c9b7eaa789ad20ba4f6a1359f1cc62f63729a55a7d22d4e
  languageName: node
  linkType: hard

"@storybook/csf@npm:0.1.11":
  version: 0.1.11
  resolution: "@storybook/csf@npm:0.1.11"
  dependencies:
    type-fest: "npm:^2.19.0"
  checksum: 10c0/c5329fc13e7d762049b5c91df1bc1c0e510a1a898c401b72b68f1ff64139a85ab64a92f8e681d2fcb226c0a4a55d0f23b569b2bdb517e0f067bd05ea46228356
  languageName: node
  linkType: hard

"@storybook/global@npm:^5.0.0":
  version: 5.0.0
  resolution: "@storybook/global@npm:5.0.0"
  checksum: 10c0/8f1b61dcdd3a89584540896e659af2ecc700bc740c16909a7be24ac19127ea213324de144a141f7caf8affaed017d064fea0618d453afbe027cf60f54b4a6d0b
  languageName: node
  linkType: hard

"@storybook/instrumenter@npm:8.2.8":
  version: 8.2.8
  resolution: "@storybook/instrumenter@npm:8.2.8"
  dependencies:
    "@storybook/global": "npm:^5.0.0"
    "@vitest/utils": "npm:^1.3.1"
    util: "npm:^0.12.4"
  peerDependencies:
    storybook: ^8.2.8
  checksum: 10c0/3672cbde2a92054d8e34cd932463505f292ef84c1623eb09c7887891b4e2f62e899ac7562d3563878c4e3f43f5b8fa8bae03548f8d88b5ff12d8c1fafd2a7f42
  languageName: node
  linkType: hard

"@storybook/test@npm:8.2.8":
  version: 8.2.8
  resolution: "@storybook/test@npm:8.2.8"
  dependencies:
    "@storybook/csf": "npm:0.1.11"
    "@storybook/instrumenter": "npm:8.2.8"
    "@testing-library/dom": "npm:10.1.0"
    "@testing-library/jest-dom": "npm:6.4.5"
    "@testing-library/user-event": "npm:14.5.2"
    "@vitest/expect": "npm:1.6.0"
    "@vitest/spy": "npm:1.6.0"
    util: "npm:^0.12.4"
  peerDependencies:
    storybook: ^8.2.8
  checksum: 10c0/0b28108da45705f7afdfa54fa679dd1048daf35520a75fc297262ce5828e573917938ee38ad521490cab8be1026c337d142cd0536e6c5dc63a1062670ebe3891
  languageName: node
  linkType: hard

"@testing-library/dom@npm:10.1.0":
  version: 10.1.0
  resolution: "@testing-library/dom@npm:10.1.0"
  dependencies:
    "@babel/code-frame": "npm:^7.10.4"
    "@babel/runtime": "npm:^7.12.5"
    "@types/aria-query": "npm:^5.0.1"
    aria-query: "npm:5.3.0"
    chalk: "npm:^4.1.0"
    dom-accessibility-api: "npm:^0.5.9"
    lz-string: "npm:^1.5.0"
    pretty-format: "npm:^27.0.2"
  checksum: 10c0/81f0e0a510d24e458c3af17777960ed678fb4fe464903ef8ec9ed816c9794fc69a673ea94f87b9e054b181383c51814605451dbf4fd9df93d0d8f24b4859990d
  languageName: node
  linkType: hard

"@testing-library/jest-dom@npm:6.4.5":
  version: 6.4.5
  resolution: "@testing-library/jest-dom@npm:6.4.5"
  dependencies:
    "@adobe/css-tools": "npm:^4.3.2"
    "@babel/runtime": "npm:^7.9.2"
    aria-query: "npm:^5.0.0"
    chalk: "npm:^3.0.0"
    css.escape: "npm:^1.5.1"
    dom-accessibility-api: "npm:^0.6.3"
    lodash: "npm:^4.17.21"
    redent: "npm:^3.0.0"
  peerDependencies:
    "@jest/globals": ">= 28"
    "@types/bun": "*"
    "@types/jest": ">= 28"
    jest: ">= 28"
    vitest: ">= 0.32"
  peerDependenciesMeta:
    "@jest/globals":
      optional: true
    "@types/bun":
      optional: true
    "@types/jest":
      optional: true
    jest:
      optional: true
    vitest:
      optional: true
  checksum: 10c0/4cfdd44e2abab2b9d399c47cbfe686729bb65160d7df0f9e2329aaaea7702f6e852a9eefb29b468f00c1e5a5274b684f8cac76959d33299dfa909ba007ea191d
  languageName: node
  linkType: hard

"@testing-library/user-event@npm:14.5.2":
  version: 14.5.2
  resolution: "@testing-library/user-event@npm:14.5.2"
  peerDependencies:
    "@testing-library/dom": ">=7.21.4"
  checksum: 10c0/68a0c2aa28a3c8e6eb05cafee29705438d7d8a9427423ce5064d44f19c29e89b5636de46dd2f28620fb10abba75c67130185bbc3aa23ac1163a227a5f36641e1
  languageName: node
  linkType: hard

"@types/aria-query@npm:^5.0.1":
  version: 5.0.4
  resolution: "@types/aria-query@npm:5.0.4"
  checksum: 10c0/dc667bc6a3acc7bba2bccf8c23d56cb1f2f4defaa704cfef595437107efaa972d3b3db9ec1d66bc2711bfc35086821edd32c302bffab36f2e79b97f312069f08
  languageName: node
  linkType: hard

"@types/estree@npm:^1.0.0":
  version: 1.0.5
  resolution: "@types/estree@npm:1.0.5"
  checksum: 10c0/b3b0e334288ddb407c7b3357ca67dbee75ee22db242ca7c56fe27db4e1a31989cb8af48a84dd401deb787fe10cc6b2ab1ee82dc4783be87ededbe3d53c79c70d
  languageName: node
  linkType: hard

"@types/stylis@npm:4.2.5":
  version: 4.2.5
  resolution: "@types/stylis@npm:4.2.5"
  checksum: 10c0/23f5b35a3a04f6bb31a29d404fa1bc8e0035fcaff2356b4047743a057e0c37b2eba7efe14d57dd2b95b398cea3bac294d9c6cd93ed307d8c0b7f5d282224b469
  languageName: node
  linkType: hard

"@vitest/expect@npm:1.6.0":
  version: 1.6.0
  resolution: "@vitest/expect@npm:1.6.0"
  dependencies:
    "@vitest/spy": "npm:1.6.0"
    "@vitest/utils": "npm:1.6.0"
    chai: "npm:^4.3.10"
  checksum: 10c0/a4351f912a70543e04960f5694f1f1ac95f71a856a46e87bba27d3eb72a08c5d11d35021cbdc6077452a152e7d93723fc804bba76c2cc53c8896b7789caadae3
  languageName: node
  linkType: hard

"@vitest/spy@npm:1.6.0":
  version: 1.6.0
  resolution: "@vitest/spy@npm:1.6.0"
  dependencies:
    tinyspy: "npm:^2.2.0"
  checksum: 10c0/df66ea6632b44fb76ef6a65c1abbace13d883703aff37cd6d062add6dcd1b883f19ce733af8e0f7feb185b61600c6eb4042a518e4fb66323d0690ec357f9401c
  languageName: node
  linkType: hard

"@vitest/utils@npm:1.6.0, @vitest/utils@npm:^1.3.1":
  version: 1.6.0
  resolution: "@vitest/utils@npm:1.6.0"
  dependencies:
    diff-sequences: "npm:^29.6.3"
    estree-walker: "npm:^3.0.3"
    loupe: "npm:^2.3.7"
    pretty-format: "npm:^29.7.0"
  checksum: 10c0/8b0d19835866455eb0b02b31c5ca3d8ad45f41a24e4c7e1f064b480f6b2804dc895a70af332f14c11ed89581011b92b179718523f55f5b14787285a0321b1301
  languageName: node
  linkType: hard

"ansi-regex@npm:^5.0.1":
  version: 5.0.1
  resolution: "ansi-regex@npm:5.0.1"
  checksum: 10c0/9a64bb8627b434ba9327b60c027742e5d17ac69277960d041898596271d992d4d52ba7267a63ca10232e29f6107fc8a835f6ce8d719b88c5f8493f8254813737
  languageName: node
  linkType: hard

"ansi-styles@npm:^3.2.1":
  version: 3.2.1
  resolution: "ansi-styles@npm:3.2.1"
  dependencies:
    color-convert: "npm:^1.9.0"
  checksum: 10c0/ece5a8ef069fcc5298f67e3f4771a663129abd174ea2dfa87923a2be2abf6cd367ef72ac87942da00ce85bd1d651d4cd8595aebdb1b385889b89b205860e977b
  languageName: node
  linkType: hard

"ansi-styles@npm:^4.1.0":
  version: 4.3.0
  resolution: "ansi-styles@npm:4.3.0"
  dependencies:
    color-convert: "npm:^2.0.1"
  checksum: 10c0/895a23929da416f2bd3de7e9cb4eabd340949328ab85ddd6e484a637d8f6820d485f53933446f5291c3b760cbc488beb8e88573dd0f9c7daf83dccc8fe81b041
  languageName: node
  linkType: hard

"ansi-styles@npm:^5.0.0":
  version: 5.2.0
  resolution: "ansi-styles@npm:5.2.0"
  checksum: 10c0/9c4ca80eb3c2fb7b33841c210d2f20807f40865d27008d7c3f707b7f95cab7d67462a565e2388ac3285b71cb3d9bb2173de8da37c57692a362885ec34d6e27df
  languageName: node
  linkType: hard

"aria-query@npm:5.3.0, aria-query@npm:^5.0.0":
  version: 5.3.0
  resolution: "aria-query@npm:5.3.0"
  dependencies:
    dequal: "npm:^2.0.3"
  checksum: 10c0/2bff0d4eba5852a9dd578ecf47eaef0e82cc52569b48469b0aac2db5145db0b17b7a58d9e01237706d1e14b7a1b0ac9b78e9c97027ad97679dd8f91b85da1469
  languageName: node
  linkType: hard

"assertion-error@npm:^1.1.0":
  version: 1.1.0
  resolution: "assertion-error@npm:1.1.0"
  checksum: 10c0/25456b2aa333250f01143968e02e4884a34588a8538fbbf65c91a637f1dbfb8069249133cd2f4e530f10f624d206a664e7df30207830b659e9f5298b00a4099b
  languageName: node
  linkType: hard

"available-typed-arrays@npm:^1.0.6":
  version: 1.0.7
  resolution: "available-typed-arrays@npm:1.0.7"
  dependencies:
    possible-typed-array-names: "npm:^1.0.0"
  checksum: 10c0/d07226ef4f87daa01bd0fe80f8f310982e345f372926da2e5296aecc25c41cab440916bbaa4c5e1034b453af3392f67df5961124e4b586df1e99793a1374bdb2
  languageName: node
  linkType: hard

"call-bind@npm:^1.0.2, call-bind@npm:^1.0.5":
  version: 1.0.7
  resolution: "call-bind@npm:1.0.7"
  dependencies:
    es-define-property: "npm:^1.0.0"
    es-errors: "npm:^1.3.0"
    function-bind: "npm:^1.1.2"
    get-intrinsic: "npm:^1.2.4"
    set-function-length: "npm:^1.2.1"
  checksum: 10c0/a3ded2e423b8e2a265983dba81c27e125b48eefb2655e7dfab6be597088da3d47c47976c24bc51b8fd9af1061f8f87b4ab78a314f3c77784b2ae2ba535ad8b8d
  languageName: node
  linkType: hard

"camelize@npm:^1.0.0":
  version: 1.0.1
  resolution: "camelize@npm:1.0.1"
  checksum: 10c0/4c9ac55efd356d37ac483bad3093758236ab686192751d1c9daa43188cc5a07b09bd431eb7458a4efd9ca22424bba23253e7b353feb35d7c749ba040de2385fb
  languageName: node
  linkType: hard

"chai@npm:^4.3.10":
  version: 4.4.1
  resolution: "chai@npm:4.4.1"
  dependencies:
    assertion-error: "npm:^1.1.0"
    check-error: "npm:^1.0.3"
    deep-eql: "npm:^4.1.3"
    get-func-name: "npm:^2.0.2"
    loupe: "npm:^2.3.6"
    pathval: "npm:^1.1.1"
    type-detect: "npm:^4.0.8"
  checksum: 10c0/91590a8fe18bd6235dece04ccb2d5b4ecec49984b50924499bdcd7a95c02cb1fd2a689407c19bb854497bde534ef57525cfad6c7fdd2507100fd802fbc2aefbd
  languageName: node
  linkType: hard

"chalk@npm:^2.4.2":
  version: 2.4.2
  resolution: "chalk@npm:2.4.2"
  dependencies:
    ansi-styles: "npm:^3.2.1"
    escape-string-regexp: "npm:^1.0.5"
    supports-color: "npm:^5.3.0"
  checksum: 10c0/e6543f02ec877732e3a2d1c3c3323ddb4d39fbab687c23f526e25bd4c6a9bf3b83a696e8c769d078e04e5754921648f7821b2a2acfd16c550435fd630026e073
  languageName: node
  linkType: hard

"chalk@npm:^3.0.0":
  version: 3.0.0
  resolution: "chalk@npm:3.0.0"
  dependencies:
    ansi-styles: "npm:^4.1.0"
    supports-color: "npm:^7.1.0"
  checksum: 10c0/ee650b0a065b3d7a6fda258e75d3a86fc8e4effa55871da730a9e42ccb035bf5fd203525e5a1ef45ec2582ecc4f65b47eb11357c526b84dd29a14fb162c414d2
  languageName: node
  linkType: hard

"chalk@npm:^4.1.0":
  version: 4.1.2
  resolution: "chalk@npm:4.1.2"
  dependencies:
    ansi-styles: "npm:^4.1.0"
    supports-color: "npm:^7.1.0"
  checksum: 10c0/4a3fef5cc34975c898ffe77141450f679721df9dde00f6c304353fa9c8b571929123b26a0e4617bde5018977eb655b31970c297b91b63ee83bb82aeb04666880
  languageName: node
  linkType: hard

"check-error@npm:^1.0.3":
  version: 1.0.3
  resolution: "check-error@npm:1.0.3"
  dependencies:
    get-func-name: "npm:^2.0.2"
  checksum: 10c0/94aa37a7315c0e8a83d0112b5bfb5a8624f7f0f81057c73e4707729cdd8077166c6aefb3d8e2b92c63ee130d4a2ff94bad46d547e12f3238cc1d78342a973841
  languageName: node
  linkType: hard

"color-convert@npm:^1.9.0":
  version: 1.9.3
  resolution: "color-convert@npm:1.9.3"
  dependencies:
    color-name: "npm:1.1.3"
  checksum: 10c0/5ad3c534949a8c68fca8fbc6f09068f435f0ad290ab8b2f76841b9e6af7e0bb57b98cb05b0e19fe33f5d91e5a8611ad457e5f69e0a484caad1f7487fd0e8253c
  languageName: node
  linkType: hard

"color-convert@npm:^2.0.1":
  version: 2.0.1
  resolution: "color-convert@npm:2.0.1"
  dependencies:
    color-name: "npm:~1.1.4"
  checksum: 10c0/37e1150172f2e311fe1b2df62c6293a342ee7380da7b9cfdba67ea539909afbd74da27033208d01d6d5cfc65ee7868a22e18d7e7648e004425441c0f8a15a7d7
  languageName: node
  linkType: hard

"color-name@npm:1.1.3":
  version: 1.1.3
  resolution: "color-name@npm:1.1.3"
  checksum: 10c0/566a3d42cca25b9b3cd5528cd7754b8e89c0eb646b7f214e8e2eaddb69994ac5f0557d9c175eb5d8f0ad73531140d9c47525085ee752a91a2ab15ab459caf6d6
  languageName: node
  linkType: hard

"color-name@npm:~1.1.4":
  version: 1.1.4
  resolution: "color-name@npm:1.1.4"
  checksum: 10c0/a1a3f914156960902f46f7f56bc62effc6c94e84b2cae157a526b1c1f74b677a47ec602bf68a61abfa2b42d15b7c5651c6dbe72a43af720bc588dff885b10f95
  languageName: node
  linkType: hard

"css-color-keywords@npm:^1.0.0":
  version: 1.0.0
  resolution: "css-color-keywords@npm:1.0.0"
  checksum: 10c0/af205a86c68e0051846ed91eb3e30b4517e1904aac040013ff1d742019b3f9369ba5658ba40901dbbc121186fc4bf0e75a814321cc3e3182fbb2feb81c6d9cb7
  languageName: node
  linkType: hard

"css-to-react-native@npm:3.2.0":
  version: 3.2.0
  resolution: "css-to-react-native@npm:3.2.0"
  dependencies:
    camelize: "npm:^1.0.0"
    css-color-keywords: "npm:^1.0.0"
    postcss-value-parser: "npm:^4.0.2"
  checksum: 10c0/fde850a511d5d3d7c55a1e9b8ed26b69a8ad4868b3487e36ebfbfc0b96fc34bc977d9cd1d61a289d0c74d3f9a662d8cee297da53d4433bf2e27d6acdff8e1003
  languageName: node
  linkType: hard

"css.escape@npm:^1.5.1":
  version: 1.5.1
  resolution: "css.escape@npm:1.5.1"
  checksum: 10c0/5e09035e5bf6c2c422b40c6df2eb1529657a17df37fda5d0433d722609527ab98090baf25b13970ca754079a0f3161dd3dfc0e743563ded8cfa0749d861c1525
  languageName: node
  linkType: hard

"csstype@npm:3.1.3":
  version: 3.1.3
  resolution: "csstype@npm:3.1.3"
  checksum: 10c0/80c089d6f7e0c5b2bd83cf0539ab41474198579584fa10d86d0cafe0642202343cbc119e076a0b1aece191989477081415d66c9fefbf3c957fc2fc4b7009f248
  languageName: node
  linkType: hard

"deep-eql@npm:^4.1.3":
  version: 4.1.3
  resolution: "deep-eql@npm:4.1.3"
  dependencies:
    type-detect: "npm:^4.0.0"
  checksum: 10c0/ff34e8605d8253e1bf9fe48056e02c6f347b81d9b5df1c6650a1b0f6f847b4a86453b16dc226b34f853ef14b626e85d04e081b022e20b00cd7d54f079ce9bbdd
  languageName: node
  linkType: hard

"define-data-property@npm:^1.1.2":
  version: 1.1.4
  resolution: "define-data-property@npm:1.1.4"
  dependencies:
    es-define-property: "npm:^1.0.0"
    es-errors: "npm:^1.3.0"
    gopd: "npm:^1.0.1"
  checksum: 10c0/dea0606d1483eb9db8d930d4eac62ca0fa16738b0b3e07046cddfacf7d8c868bbe13fa0cb263eb91c7d0d527960dc3f2f2471a69ed7816210307f6744fe62e37
  languageName: node
  linkType: hard

"dequal@npm:^2.0.3":
  version: 2.0.3
  resolution: "dequal@npm:2.0.3"
  checksum: 10c0/f98860cdf58b64991ae10205137c0e97d384c3a4edc7f807603887b7c4b850af1224a33d88012009f150861cbee4fa2d322c4cc04b9313bee312e47f6ecaa888
  languageName: node
  linkType: hard

"diff-sequences@npm:^29.6.3":
  version: 29.6.3
  resolution: "diff-sequences@npm:29.6.3"
  checksum: 10c0/32e27ac7dbffdf2fb0eb5a84efd98a9ad084fbabd5ac9abb8757c6770d5320d2acd172830b28c4add29bb873d59420601dfc805ac4064330ce59b1adfd0593b2
  languageName: node
  linkType: hard

"dom-accessibility-api@npm:^0.5.9":
  version: 0.5.16
  resolution: "dom-accessibility-api@npm:0.5.16"
  checksum: 10c0/b2c2eda4fae568977cdac27a9f0c001edf4f95a6a6191dfa611e3721db2478d1badc01db5bb4fa8a848aeee13e442a6c2a4386d65ec65a1436f24715a2f8d053
  languageName: node
  linkType: hard

"dom-accessibility-api@npm:^0.6.3":
  version: 0.6.3
  resolution: "dom-accessibility-api@npm:0.6.3"
  checksum: 10c0/10bee5aa514b2a9a37c87cd81268db607a2e933a050074abc2f6fa3da9080ebed206a320cbc123567f2c3087d22292853bdfdceaffdd4334ffe2af9510b29360
  languageName: node
  linkType: hard

"es-define-property@npm:^1.0.0":
  version: 1.0.0
  resolution: "es-define-property@npm:1.0.0"
  dependencies:
    get-intrinsic: "npm:^1.2.4"
  checksum: 10c0/6bf3191feb7ea2ebda48b577f69bdfac7a2b3c9bcf97307f55fd6ef1bbca0b49f0c219a935aca506c993d8c5d8bddd937766cb760cd5e5a1071351f2df9f9aa4
  languageName: node
  linkType: hard

"es-errors@npm:^1.3.0":
  version: 1.3.0
  resolution: "es-errors@npm:1.3.0"
  checksum: 10c0/0a61325670072f98d8ae3b914edab3559b6caa980f08054a3b872052640d91da01d38df55df797fcc916389d77fc92b8d5906cf028f4db46d7e3003abecbca85
  languageName: node
  linkType: hard

"escape-string-regexp@npm:^1.0.5":
  version: 1.0.5
  resolution: "escape-string-regexp@npm:1.0.5"
  checksum: 10c0/a968ad453dd0c2724e14a4f20e177aaf32bb384ab41b674a8454afe9a41c5e6fe8903323e0a1052f56289d04bd600f81278edf140b0fcc02f5cac98d0f5b5371
  languageName: node
  linkType: hard

"estree-walker@npm:^3.0.3":
  version: 3.0.3
  resolution: "estree-walker@npm:3.0.3"
  dependencies:
    "@types/estree": "npm:^1.0.0"
  checksum: 10c0/c12e3c2b2642d2bcae7d5aa495c60fa2f299160946535763969a1c83fc74518ffa9c2cd3a8b69ac56aea547df6a8aac25f729a342992ef0bbac5f1c73e78995d
  languageName: node
  linkType: hard

"flow-deps@workspace:.":
  version: 0.0.0-use.local
  resolution: "flow-deps@workspace:."
  dependencies:
    "@storybook/test": "npm:8.2.8"
    react: "npm:18.3.1"
    react-dom: "npm:18.3.1"
    react-lazily: "npm:0.9.2"
    styled-components: "npm:6.1.12"
  languageName: unknown
  linkType: soft

"for-each@npm:^0.3.3":
  version: 0.3.3
  resolution: "for-each@npm:0.3.3"
  dependencies:
    is-callable: "npm:^1.1.3"
  checksum: 10c0/22330d8a2db728dbf003ec9182c2d421fbcd2969b02b4f97ec288721cda63eb28f2c08585ddccd0f77cb2930af8d958005c9e72f47141dc51816127a118f39aa
  languageName: node
  linkType: hard

"function-bind@npm:^1.1.2":
  version: 1.1.2
  resolution: "function-bind@npm:1.1.2"
  checksum: 10c0/d8680ee1e5fcd4c197e4ac33b2b4dce03c71f4d91717292785703db200f5c21f977c568d28061226f9b5900cbcd2c84463646134fd5337e7925e0942bc3f46d5
  languageName: node
  linkType: hard

"get-func-name@npm:^2.0.1, get-func-name@npm:^2.0.2":
  version: 2.0.2
  resolution: "get-func-name@npm:2.0.2"
  checksum: 10c0/89830fd07623fa73429a711b9daecdb304386d237c71268007f788f113505ef1d4cc2d0b9680e072c5082490aec9df5d7758bf5ac6f1c37062855e8e3dc0b9df
  languageName: node
  linkType: hard

"get-intrinsic@npm:^1.1.3, get-intrinsic@npm:^1.2.3, get-intrinsic@npm:^1.2.4":
  version: 1.2.4
  resolution: "get-intrinsic@npm:1.2.4"
  dependencies:
    es-errors: "npm:^1.3.0"
    function-bind: "npm:^1.1.2"
    has-proto: "npm:^1.0.1"
    has-symbols: "npm:^1.0.3"
    hasown: "npm:^2.0.0"
  checksum: 10c0/0a9b82c16696ed6da5e39b1267104475c47e3a9bdbe8b509dfe1710946e38a87be70d759f4bb3cda042d76a41ef47fe769660f3b7c0d1f68750299344ffb15b7
  languageName: node
  linkType: hard

"gopd@npm:^1.0.1":
  version: 1.0.1
  resolution: "gopd@npm:1.0.1"
  dependencies:
    get-intrinsic: "npm:^1.1.3"
  checksum: 10c0/505c05487f7944c552cee72087bf1567debb470d4355b1335f2c262d218ebbff805cd3715448fe29b4b380bae6912561d0467233e4165830efd28da241418c63
  languageName: node
  linkType: hard

"has-flag@npm:^3.0.0":
  version: 3.0.0
  resolution: "has-flag@npm:3.0.0"
  checksum: 10c0/1c6c83b14b8b1b3c25b0727b8ba3e3b647f99e9e6e13eb7322107261de07a4c1be56fc0d45678fc376e09772a3a1642ccdaf8fc69bdf123b6c086598397ce473
  languageName: node
  linkType: hard

"has-flag@npm:^4.0.0":
  version: 4.0.0
  resolution: "has-flag@npm:4.0.0"
  checksum: 10c0/2e789c61b7888d66993e14e8331449e525ef42aac53c627cc53d1c3334e768bcb6abdc4f5f0de1478a25beec6f0bd62c7549058b7ac53e924040d4f301f02fd1
  languageName: node
  linkType: hard

"has-property-descriptors@npm:^1.0.1":
  version: 1.0.2
  resolution: "has-property-descriptors@npm:1.0.2"
  dependencies:
    es-define-property: "npm:^1.0.0"
  checksum: 10c0/253c1f59e80bb476cf0dde8ff5284505d90c3bdb762983c3514d36414290475fe3fd6f574929d84de2a8eec00d35cf07cb6776205ff32efd7c50719125f00236
  languageName: node
  linkType: hard

"has-proto@npm:^1.0.1":
  version: 1.0.3
  resolution: "has-proto@npm:1.0.3"
  checksum: 10c0/35a6989f81e9f8022c2f4027f8b48a552de714938765d019dbea6bb547bd49ce5010a3c7c32ec6ddac6e48fc546166a3583b128f5a7add8b058a6d8b4afec205
  languageName: node
  linkType: hard

"has-symbols@npm:^1.0.3":
  version: 1.0.3
  resolution: "has-symbols@npm:1.0.3"
  checksum: 10c0/e6922b4345a3f37069cdfe8600febbca791c94988c01af3394d86ca3360b4b93928bbf395859158f88099cb10b19d98e3bbab7c9ff2c1bd09cf665ee90afa2c3
  languageName: node
  linkType: hard

"has-tostringtag@npm:^1.0.0, has-tostringtag@npm:^1.0.1":
  version: 1.0.2
  resolution: "has-tostringtag@npm:1.0.2"
  dependencies:
    has-symbols: "npm:^1.0.3"
  checksum: 10c0/a8b166462192bafe3d9b6e420a1d581d93dd867adb61be223a17a8d6dad147aa77a8be32c961bb2f27b3ef893cae8d36f564ab651f5e9b7938ae86f74027c48c
  languageName: node
  linkType: hard

"hasown@npm:^2.0.0":
  version: 2.0.1
  resolution: "hasown@npm:2.0.1"
  dependencies:
    function-bind: "npm:^1.1.2"
  checksum: 10c0/9e27e70e8e4204f4124c8f99950d1ba2b1f5174864fd39ff26da190f9ea6488c1b3927dcc64981c26d1f637a971783c9489d62c829d393ea509e6f1ba20370bb
  languageName: node
  linkType: hard

"indent-string@npm:^4.0.0":
  version: 4.0.0
  resolution: "indent-string@npm:4.0.0"
  checksum: 10c0/1e1904ddb0cb3d6cce7cd09e27a90184908b7a5d5c21b92e232c93579d314f0b83c246ffb035493d0504b1e9147ba2c9b21df0030f48673fba0496ecd698161f
  languageName: node
  linkType: hard

"inherits@npm:^2.0.3":
  version: 2.0.4
  resolution: "inherits@npm:2.0.4"
  checksum: 10c0/4e531f648b29039fb7426fb94075e6545faa1eb9fe83c29f0b6d9e7263aceb4289d2d4557db0d428188eeb449cc7c5e77b0a0b2c4e248ff2a65933a0dee49ef2
  languageName: node
  linkType: hard

"is-arguments@npm:^1.0.4":
  version: 1.1.1
  resolution: "is-arguments@npm:1.1.1"
  dependencies:
    call-bind: "npm:^1.0.2"
    has-tostringtag: "npm:^1.0.0"
  checksum: 10c0/5ff1f341ee4475350adfc14b2328b38962564b7c2076be2f5bac7bd9b61779efba99b9f844a7b82ba7654adccf8e8eb19d1bb0cc6d1c1a085e498f6793d4328f
  languageName: node
  linkType: hard

"is-callable@npm:^1.1.3":
  version: 1.2.7
  resolution: "is-callable@npm:1.2.7"
  checksum: 10c0/ceebaeb9d92e8adee604076971dd6000d38d6afc40bb843ea8e45c5579b57671c3f3b50d7f04869618242c6cee08d1b67806a8cb8edaaaf7c0748b3720d6066f
  languageName: node
  linkType: hard

"is-generator-function@npm:^1.0.7":
  version: 1.0.10
  resolution: "is-generator-function@npm:1.0.10"
  dependencies:
    has-tostringtag: "npm:^1.0.0"
  checksum: 10c0/df03514df01a6098945b5a0cfa1abff715807c8e72f57c49a0686ad54b3b74d394e2d8714e6f709a71eb00c9630d48e73ca1796c1ccc84ac95092c1fecc0d98b
  languageName: node
  linkType: hard

"is-typed-array@npm:^1.1.3":
  version: 1.1.13
  resolution: "is-typed-array@npm:1.1.13"
  dependencies:
    which-typed-array: "npm:^1.1.14"
  checksum: 10c0/fa5cb97d4a80e52c2cc8ed3778e39f175a1a2ae4ddf3adae3187d69586a1fd57cfa0b095db31f66aa90331e9e3da79184cea9c6abdcd1abc722dc3c3edd51cca
  languageName: node
  linkType: hard

"js-tokens@npm:^3.0.0 || ^4.0.0, js-tokens@npm:^4.0.0":
  version: 4.0.0
  resolution: "js-tokens@npm:4.0.0"
  checksum: 10c0/e248708d377aa058eacf2037b07ded847790e6de892bbad3dac0abba2e759cb9f121b00099a65195616badcb6eca8d14d975cb3e89eb1cfda644756402c8aeed
  languageName: node
  linkType: hard

"lodash@npm:^4.17.21":
  version: 4.17.21
  resolution: "lodash@npm:4.17.21"
  checksum: 10c0/d8cbea072bb08655bb4c989da418994b073a608dffa608b09ac04b43a791b12aeae7cd7ad919aa4c925f33b48490b5cfe6c1f71d827956071dae2e7bb3a6b74c
  languageName: node
  linkType: hard

"loose-envify@npm:^1.1.0":
  version: 1.4.0
  resolution: "loose-envify@npm:1.4.0"
  dependencies:
    js-tokens: "npm:^3.0.0 || ^4.0.0"
  bin:
    loose-envify: cli.js
  checksum: 10c0/655d110220983c1a4b9c0c679a2e8016d4b67f6e9c7b5435ff5979ecdb20d0813f4dec0a08674fcbdd4846a3f07edbb50a36811fd37930b94aaa0d9daceb017e
  languageName: node
  linkType: hard

"loupe@npm:^2.3.6, loupe@npm:^2.3.7":
  version: 2.3.7
  resolution: "loupe@npm:2.3.7"
  dependencies:
    get-func-name: "npm:^2.0.1"
  checksum: 10c0/71a781c8fc21527b99ed1062043f1f2bb30bdaf54fa4cf92463427e1718bc6567af2988300bc243c1f276e4f0876f29e3cbf7b58106fdc186915687456ce5bf4
  languageName: node
  linkType: hard

"lz-string@npm:^1.5.0":
  version: 1.5.0
  resolution: "lz-string@npm:1.5.0"
  bin:
    lz-string: bin/bin.js
  checksum: 10c0/36128e4de34791838abe979b19927c26e67201ca5acf00880377af7d765b38d1c60847e01c5ec61b1a260c48029084ab3893a3925fd6e48a04011364b089991b
  languageName: node
  linkType: hard

"min-indent@npm:^1.0.0":
  version: 1.0.1
  resolution: "min-indent@npm:1.0.1"
  checksum: 10c0/7e207bd5c20401b292de291f02913230cb1163abca162044f7db1d951fa245b174dc00869d40dd9a9f32a885ad6a5f3e767ee104cf278f399cb4e92d3f582d5c
  languageName: node
  linkType: hard

"nanoid@npm:^3.3.7":
  version: 3.3.7
  resolution: "nanoid@npm:3.3.7"
  bin:
    nanoid: bin/nanoid.cjs
  checksum: 10c0/e3fb661aa083454f40500473bb69eedb85dc160e763150b9a2c567c7e9ff560ce028a9f833123b618a6ea742e311138b591910e795614a629029e86e180660f3
  languageName: node
  linkType: hard

"pathval@npm:^1.1.1":
  version: 1.1.1
  resolution: "pathval@npm:1.1.1"
  checksum: 10c0/f63e1bc1b33593cdf094ed6ff5c49c1c0dc5dc20a646ca9725cc7fe7cd9995002d51d5685b9b2ec6814342935748b711bafa840f84c0bb04e38ff40a335c94dc
  languageName: node
  linkType: hard

"picocolors@npm:^1.0.0":
  version: 1.0.0
  resolution: "picocolors@npm:1.0.0"
  checksum: 10c0/20a5b249e331c14479d94ec6817a182fd7a5680debae82705747b2db7ec50009a5f6648d0621c561b0572703f84dbef0858abcbd5856d3c5511426afcb1961f7
  languageName: node
  linkType: hard

"possible-typed-array-names@npm:^1.0.0":
  version: 1.0.0
  resolution: "possible-typed-array-names@npm:1.0.0"
  checksum: 10c0/d9aa22d31f4f7680e20269db76791b41c3a32c01a373e25f8a4813b4d45f7456bfc2b6d68f752dc4aab0e0bb0721cb3d76fb678c9101cb7a16316664bc2c73fd
  languageName: node
  linkType: hard

"postcss-value-parser@npm:^4.0.2":
  version: 4.2.0
  resolution: "postcss-value-parser@npm:4.2.0"
  checksum: 10c0/f4142a4f56565f77c1831168e04e3effd9ffcc5aebaf0f538eee4b2d465adfd4b85a44257bb48418202a63806a7da7fe9f56c330aebb3cac898e46b4cbf49161
  languageName: node
  linkType: hard

"postcss@npm:8.4.38":
  version: 8.4.38
  resolution: "postcss@npm:8.4.38"
  dependencies:
    nanoid: "npm:^3.3.7"
    picocolors: "npm:^1.0.0"
    source-map-js: "npm:^1.2.0"
  checksum: 10c0/955407b8f70cf0c14acf35dab3615899a2a60a26718a63c848cf3c29f2467b0533991b985a2b994430d890bd7ec2b1963e36352b0774a19143b5f591540f7c06
  languageName: node
  linkType: hard

"pretty-format@npm:^27.0.2":
  version: 27.5.1
  resolution: "pretty-format@npm:27.5.1"
  dependencies:
    ansi-regex: "npm:^5.0.1"
    ansi-styles: "npm:^5.0.0"
    react-is: "npm:^17.0.1"
  checksum: 10c0/0cbda1031aa30c659e10921fa94e0dd3f903ecbbbe7184a729ad66f2b6e7f17891e8c7d7654c458fa4ccb1a411ffb695b4f17bbcd3fe075fabe181027c4040ed
  languageName: node
  linkType: hard

"pretty-format@npm:^29.7.0":
  version: 29.7.0
  resolution: "pretty-format@npm:29.7.0"
  dependencies:
    "@jest/schemas": "npm:^29.6.3"
    ansi-styles: "npm:^5.0.0"
    react-is: "npm:^18.0.0"
  checksum: 10c0/edc5ff89f51916f036c62ed433506b55446ff739358de77207e63e88a28ca2894caac6e73dcb68166a606e51c8087d32d400473e6a9fdd2dbe743f46c9c0276f
  languageName: node
  linkType: hard

"react-dom@npm:18.3.1":
  version: 18.3.1
  resolution: "react-dom@npm:18.3.1"
  dependencies:
    loose-envify: "npm:^1.1.0"
    scheduler: "npm:^0.23.2"
  peerDependencies:
    react: ^18.3.1
  checksum: 10c0/a752496c1941f958f2e8ac56239172296fcddce1365ce45222d04a1947e0cc5547df3e8447f855a81d6d39f008d7c32eab43db3712077f09e3f67c4874973e85
  languageName: node
  linkType: hard

"react-is@npm:^17.0.1":
  version: 17.0.2
  resolution: "react-is@npm:17.0.2"
  checksum: 10c0/2bdb6b93fbb1820b024b496042cce405c57e2f85e777c9aabd55f9b26d145408f9f74f5934676ffdc46f3dcff656d78413a6e43968e7b3f92eea35b3052e9053
  languageName: node
  linkType: hard

"react-is@npm:^18.0.0":
  version: 18.2.0
  resolution: "react-is@npm:18.2.0"
  checksum: 10c0/6eb5e4b28028c23e2bfcf73371e72cd4162e4ac7ab445ddae2afe24e347a37d6dc22fae6e1748632cd43c6d4f9b8f86dcf26bf9275e1874f436d129952528ae0
  languageName: node
  linkType: hard

"react-lazily@npm:0.9.2":
  version: 0.9.2
  resolution: "react-lazily@npm:0.9.2"
  peerDependencies:
    react: ">=16.8"
    react-dom: "*"
    react-native: "*"
  peerDependenciesMeta:
    react-dom:
      optional: true
    react-native:
      optional: true
  checksum: 10c0/d64c58fda1f39624c9cd55db14ba9eddf2fc805cc59b50bb7fe0aa1a060d6e76d0621e655f3c2c05bf3e0d45ecbb50ab55dc0774c726c3e8216fee5d70eb17c3
  languageName: node
  linkType: hard

"react@npm:18.3.1":
  version: 18.3.1
  resolution: "react@npm:18.3.1"
  dependencies:
    loose-envify: "npm:^1.1.0"
  checksum: 10c0/283e8c5efcf37802c9d1ce767f302dd569dd97a70d9bb8c7be79a789b9902451e0d16334b05d73299b20f048cbc3c7d288bbbde10b701fa194e2089c237dbea3
  languageName: node
  linkType: hard

"redent@npm:^3.0.0":
  version: 3.0.0
  resolution: "redent@npm:3.0.0"
  dependencies:
    indent-string: "npm:^4.0.0"
    strip-indent: "npm:^3.0.0"
  checksum: 10c0/d64a6b5c0b50eb3ddce3ab770f866658a2b9998c678f797919ceb1b586bab9259b311407280bd80b804e2a7c7539b19238ae6a2a20c843f1a7fcff21d48c2eae
  languageName: node
  linkType: hard

"regenerator-runtime@npm:^0.14.0":
  version: 0.14.1
  resolution: "regenerator-runtime@npm:0.14.1"
  checksum: 10c0/1b16eb2c4bceb1665c89de70dcb64126a22bc8eb958feef3cd68fe11ac6d2a4899b5cd1b80b0774c7c03591dc57d16631a7f69d2daa2ec98100e2f29f7ec4cc4
  languageName: node
  linkType: hard

"scheduler@npm:^0.23.2":
  version: 0.23.2
  resolution: "scheduler@npm:0.23.2"
  dependencies:
    loose-envify: "npm:^1.1.0"
  checksum: 10c0/26383305e249651d4c58e6705d5f8425f153211aef95f15161c151f7b8de885f24751b377e4a0b3dd42cce09aad3f87a61dab7636859c0d89b7daf1a1e2a5c78
  languageName: node
  linkType: hard

"set-function-length@npm:^1.2.1":
  version: 1.2.1
  resolution: "set-function-length@npm:1.2.1"
  dependencies:
    define-data-property: "npm:^1.1.2"
    es-errors: "npm:^1.3.0"
    function-bind: "npm:^1.1.2"
    get-intrinsic: "npm:^1.2.3"
    gopd: "npm:^1.0.1"
    has-property-descriptors: "npm:^1.0.1"
  checksum: 10c0/1927e296599f2c04d210c1911f1600430a5e49e04a6d8bb03dca5487b95a574da9968813a2ced9a774bd3e188d4a6208352c8f64b8d4674cdb021dca21e190ca
  languageName: node
  linkType: hard

"shallowequal@npm:1.1.0":
  version: 1.1.0
  resolution: "shallowequal@npm:1.1.0"
  checksum: 10c0/b926efb51cd0f47aa9bc061add788a4a650550bbe50647962113a4579b60af2abe7b62f9b02314acc6f97151d4cf87033a2b15fc20852fae306d1a095215396c
  languageName: node
  linkType: hard

"source-map-js@npm:^1.2.0":
  version: 1.2.0
  resolution: "source-map-js@npm:1.2.0"
  checksum: 10c0/7e5f896ac10a3a50fe2898e5009c58ff0dc102dcb056ed27a354623a0ece8954d4b2649e1a1b2b52ef2e161d26f8859c7710350930751640e71e374fe2d321a4
  languageName: node
  linkType: hard

"strip-indent@npm:^3.0.0":
  version: 3.0.0
  resolution: "strip-indent@npm:3.0.0"
  dependencies:
    min-indent: "npm:^1.0.0"
  checksum: 10c0/ae0deaf41c8d1001c5d4fbe16cb553865c1863da4fae036683b474fa926af9fc121e155cb3fc57a68262b2ae7d5b8420aa752c97a6428c315d00efe2a3875679
  languageName: node
  linkType: hard

"styled-components@npm:6.1.12":
  version: 6.1.12
  resolution: "styled-components@npm:6.1.12"
  dependencies:
    "@emotion/is-prop-valid": "npm:1.2.2"
    "@emotion/unitless": "npm:0.8.1"
    "@types/stylis": "npm:4.2.5"
    css-to-react-native: "npm:3.2.0"
    csstype: "npm:3.1.3"
    postcss: "npm:8.4.38"
    shallowequal: "npm:1.1.0"
    stylis: "npm:4.3.2"
    tslib: "npm:2.6.2"
  peerDependencies:
    react: ">= 16.8.0"
    react-dom: ">= 16.8.0"
  checksum: 10c0/1ad728aea763a26dbce5ede380ef54b0aacae177166d19346eed97eab8e46935b8797d3ba8e1db689605175d5f9c9892a60d91d2e797e2ea61901fb7f58ed1a5
  languageName: node
  linkType: hard

"stylis@npm:4.3.2":
  version: 4.3.2
  resolution: "stylis@npm:4.3.2"
  checksum: 10c0/0410e1404cbeee3388a9e17587875211ce2f014c8379af0d1e24ca55878867c9f1ccc7b0ce9a156ca53f5d6e301391a82b0645522a604674a378b3189a4a1994
  languageName: node
  linkType: hard

"supports-color@npm:^5.3.0":
  version: 5.5.0
  resolution: "supports-color@npm:5.5.0"
  dependencies:
    has-flag: "npm:^3.0.0"
  checksum: 10c0/6ae5ff319bfbb021f8a86da8ea1f8db52fac8bd4d499492e30ec17095b58af11f0c55f8577390a749b1c4dde691b6a0315dab78f5f54c9b3d83f8fb5905c1c05
  languageName: node
  linkType: hard

"supports-color@npm:^7.1.0":
  version: 7.2.0
  resolution: "supports-color@npm:7.2.0"
  dependencies:
    has-flag: "npm:^4.0.0"
  checksum: 10c0/afb4c88521b8b136b5f5f95160c98dee7243dc79d5432db7efc27efb219385bbc7d9427398e43dd6cc730a0f87d5085ce1652af7efbe391327bc0a7d0f7fc124
  languageName: node
  linkType: hard

"tinyspy@npm:^2.2.0":
  version: 2.2.1
  resolution: "tinyspy@npm:2.2.1"
  checksum: 10c0/0b4cfd07c09871e12c592dfa7b91528124dc49a4766a0b23350638c62e6a483d5a2a667de7e6282246c0d4f09996482ddaacbd01f0c05b7ed7e0f79d32409bdc
  languageName: node
  linkType: hard

"tslib@npm:2.6.2":
  version: 2.6.2
  resolution: "tslib@npm:2.6.2"
  checksum: 10c0/e03a8a4271152c8b26604ed45535954c0a45296e32445b4b87f8a5abdb2421f40b59b4ca437c4346af0f28179780d604094eb64546bee2019d903d01c6c19bdb
  languageName: node
  linkType: hard

"type-detect@npm:^4.0.0, type-detect@npm:^4.0.8":
  version: 4.0.8
  resolution: "type-detect@npm:4.0.8"
  checksum: 10c0/8fb9a51d3f365a7de84ab7f73b653534b61b622aa6800aecdb0f1095a4a646d3f5eb295322127b6573db7982afcd40ab492d038cf825a42093a58b1e1353e0bd
  languageName: node
  linkType: hard

"type-fest@npm:^2.19.0":
  version: 2.19.0
  resolution: "type-fest@npm:2.19.0"
  checksum: 10c0/a5a7ecf2e654251613218c215c7493574594951c08e52ab9881c9df6a6da0aeca7528c213c622bc374b4e0cb5c443aa3ab758da4e3c959783ce884c3194e12cb
  languageName: node
  linkType: hard

"util@npm:^0.12.4":
  version: 0.12.5
  resolution: "util@npm:0.12.5"
  dependencies:
    inherits: "npm:^2.0.3"
    is-arguments: "npm:^1.0.4"
    is-generator-function: "npm:^1.0.7"
    is-typed-array: "npm:^1.1.3"
    which-typed-array: "npm:^1.1.2"
  checksum: 10c0/c27054de2cea2229a66c09522d0fa1415fb12d861d08523a8846bf2e4cbf0079d4c3f725f09dcb87493549bcbf05f5798dce1688b53c6c17201a45759e7253f3
  languageName: node
  linkType: hard

"which-typed-array@npm:^1.1.14, which-typed-array@npm:^1.1.2":
  version: 1.1.14
  resolution: "which-typed-array@npm:1.1.14"
  dependencies:
    available-typed-arrays: "npm:^1.0.6"
    call-bind: "npm:^1.0.5"
    for-each: "npm:^0.3.3"
    gopd: "npm:^1.0.1"
    has-tostringtag: "npm:^1.0.1"
  checksum: 10c0/0960f1e77807058819451b98c51d4cd72031593e8de990b24bd3fc22e176f5eee22921d68d852297c786aec117689f0423ed20aa4fde7ce2704d680677891f56
  languageName: node
  linkType: hard
